
Microsoft Visual Studio Solution File, Format Version 12.00
# Visual Studio Version 16
VisualStudioVersion = 16.0.32126.315
MinimumVisualStudioVersion = 10.0.40219.1
Project("{9A19103F-16F7-4668-BE54-9A1E7A4F7556}") = "Demos.RetailPlanner.Api", "Demos.RetailPlanner.Api\Demos.RetailPlanner.Api.csproj", "{11FA0F51-AE0C-4579-85AD-BB62C0A6AAC2}"
EndProject
Project("{2150E333-8FDC-42A3-9474-1A3956D46DE8}") = "Solution Items", "Solution Items", "{621F3B66-3F53-46FD-8505-9E06A8ABA9DC}"
	ProjectSection(SolutionItems) = preProject
		.github\workflows\demoretailplanner.yml = .github\workflows\demoretailplanner.yml
	EndProjectSection
EndProject
Global
	GlobalSection(SolutionConfigurationPlatforms) = preSolution
		Debug|Any CPU = Debug|Any CPU
		Release|Any CPU = Release|Any CPU
	EndGlobalSection
	GlobalSection(ProjectConfigurationPlatforms) = postSolution
		{11FA0F51-AE0C-4579-85AD-BB62C0A6AAC2}.Debug|Any CPU.ActiveCfg = Debug|Any CPU
		{11FA0F51-AE0C-4579-85AD-BB62C0A6AAC2}.Debug|Any CPU.Build.0 = Debug|Any CPU
		{11FA0F51-AE0C-4579-85AD-BB62C0A6AAC2}.Release|Any CPU.ActiveCfg = Release|Any CPU
		{11FA0F51-AE0C-4579-85AD-BB62C0A6AAC2}.Release|Any CPU.Build.0 = Release|Any CPU
	EndGlobalSection
	GlobalSection(SolutionProperties) = preSolution
		HideSolutionNode = FALSE
	EndGlobalSection
	GlobalSection(ExtensibilityGlobals) = postSolution
		SolutionGuid = {CAFE5A15-5F83-4F48-B80F-28DEE6201728}
	EndGlobalSection
EndGlobal
